
Microsoft Visual Studio Solution File, Format Version 12.00
# Visual Studio Version 17
VisualStudioVersion = 17.14.36717.8 d17.14
MinimumVisualStudioVersion = 10.0.40219.1
Project("{8BC9CEB8-8B4A-11D0-8D11-00A0C91BC942}") = "MandelbrotSet", "MandelbrotSet\MandelbrotSet.vcxproj", "{F4AADC70-FBDE-4029-8802-33697AFFC183}"
EndProject
Global
	GlobalSection(SolutionConfigurationPlatforms) = preSolution
		Debug|x64 = Debug|x64
		Debug|x86 = Debug|x86
		Release|x64 = Release|x64
		Release|x86 = Release|x86
	EndGlobalSection
	GlobalSection(ProjectConfigurationPlatforms) = postSolution
		{F4AADC70-FBDE-4029-8802-33697AFFC183}.Debug|x64.ActiveCfg = Debug|x64
		{F4AADC70-FBDE-4029-8802-33697AFFC183}.Debug|x64.Build.0 = Debug|x64
		{F4AADC70-FBDE-4029-8802-33697AFFC183}.Debug|x86.ActiveCfg = Debug|Win32
		{F4AADC70-FBDE-4029-8802-33697AFFC183}.Debug|x86.Build.0 = Debug|Win32
		{F4AADC70-FBDE-4029-8802-33697AFFC183}.Release|x64.ActiveCfg = Release|x64
		{F4AADC70-FBDE-4029-8802-33697AFFC183}.Release|x64.Build.0 = Release|x64
		{F4AADC70-FBDE-4029-8802-33697AFFC183}.Release|x86.ActiveCfg = Release|Win32
		{F4AADC70-FBDE-4029-8802-33697AFFC183}.Release|x86.Build.0 = Release|Win32
	EndGlobalSection
	GlobalSection(SolutionProperties) = preSolution
		HideSolutionNode = FALSE
	EndGlobalSection
	GlobalSection(ExtensibilityGlobals) = postSolution
		SolutionGuid = {067EF8DA-207A-4DB2-8714-D36AA3089C87}
	EndGlobalSection
EndGlobal
